{
  "name": "thinkingdata-node",
  "version": "1.5.0",
  "lockfileVersion": 2,
  "requires": true,
  "packages": {
    "": {
      "name": "thinkingdata-node",
      "version": "1.5.0",
      "license": "Apache-2.0",
      "dependencies": {
        "winston": "^3.8.2",
        "winston-daily-rotate-file": "^4.7.1"
      },
      "devDependencies": {
        "chai": "^4.3.7",
        "docdash": "^2.0.2",
        "mocha": "^2.4.5"
      },
      "engines": {
        "node": ">=6.9"
      }
    },
    "node_modules/@colors/colors": {
      "version": "1.6.0",
      "resolved": "https://registry.npmmirror.com/@colors/colors/-/colors-1.6.0.tgz",
      "integrity": "sha512-Ir+AOibqzrIsL6ajt3Rz3LskB7OiMVHqltZmspbW/TJuTVuyOMirVqAkjfY6JISiLHgyNqicAC8AyHHGzNd/dA==",
      "engines": {
        "node": ">=0.1.90"
      }
    },
    "node_modules/@dabh/diagnostics": {
      "version": "2.0.3",
      "resolved": "https://registry.npmmirror.com/@dabh/diagnostics/-/diagnostics-2.0.3.tgz",
      "integrity": "sha512-hrlQOIi7hAfzsMqlGSFyVucrx38O+j6wiGOf//H2ecvIEqYN4ADBSS2iLMh5UFyDunCNniUIPk/q3riFv45xRA==",
      "dependencies": {
        "colorspace": "1.1.x",
        "enabled": "2.0.x",
        "kuler": "^2.0.0"
      }
    },
    "node_modules/@jsdoc/salty": {
      "version": "0.2.5",
      "resolved": "https://registry.npmjs.org/@jsdoc/salty/-/salty-0.2.5.tgz",
      "integrity": "sha512-TfRP53RqunNe2HBobVBJ0VLhK1HbfvBYeTC1ahnN64PWvyYyGebmMiPkuwvD9fpw2ZbkoPb8Q7mwy0aR8Z9rvw==",
      "dev": true,
      "dependencies": {
        "lodash": "^4.17.21"
      },
      "engines": {
        "node": ">=v12.0.0"
      }
    },
    "node_modules/@types/triple-beam": {
      "version": "1.3.5",
      "resolved": "https://registry.npmmirror.com/@types/triple-beam/-/triple-beam-1.3.5.tgz",
      "integrity": "sha512-6WaYesThRMCl19iryMYP7/x2OVgCtbIVflDGFpWnb9irXI3UjYE4AzmYuiUKY1AJstGijoY+MgUszMgRxIYTYw=="
    },
    "node_modules/assertion-error": {
      "version": "1.1.0",
      "resolved": "https://registry.npmjs.org/assertion-error/-/assertion-error-1.1.0.tgz",
      "integrity": "sha512-jgsaNduz+ndvGyFt3uSuWqvy4lCnIJiovtouQN5JZHOKCS2QuhEdbcQHFhVksz2N2U9hXJo8odG7ETyWlEeuDw==",
      "dev": true,
      "engines": {
        "node": "*"
      }
    },
    "node_modules/async": {
      "version": "3.2.5",
      "resolved": "https://registry.npmmirror.com/async/-/async-3.2.5.tgz",
      "integrity": "sha512-baNZyqaaLhyLVKm/DlvdW051MSgO6b8eVfIezl9E5PqWxFgzLm/wQntEW4zOytVburDEr0JlALEpdOFwvErLsg=="
    },
    "node_modules/chai": {
      "version": "4.3.7",
      "resolved": "https://registry.npmjs.org/chai/-/chai-4.3.7.tgz",
      "integrity": "sha512-HLnAzZ2iupm25PlN0xFreAlBA5zaBSv3og0DdeGA4Ar6h6rJ3A0rolRUKJhSF2V10GZKDgWF/VmAEsNWjCRB+A==",
      "dev": true,
      "dependencies": {
        "assertion-error": "^1.1.0",
        "check-error": "^1.0.2",
        "deep-eql": "^4.1.2",
        "get-func-name": "^2.0.0",
        "loupe": "^2.3.1",
        "pathval": "^1.1.1",
        "type-detect": "^4.0.5"
      },
      "engines": {
        "node": ">=4"
      }
    },
    "node_modules/check-error": {
      "version": "1.0.2",
      "resolved": "https://registry.npmjs.org/check-error/-/check-error-1.0.2.tgz",
      "integrity": "sha512-BrgHpW9NURQgzoNyjfq0Wu6VFO6D7IZEmJNdtgNqpzGG8RuNFHt2jQxWlAs4HMe119chBnv+34syEZtc6IhLtA==",
      "dev": true,
      "engines": {
        "node": "*"
      }
    },
    "node_modules/color": {
      "version": "3.2.1",
      "resolved": "https://registry.npmmirror.com/color/-/color-3.2.1.tgz",
      "integrity": "sha512-aBl7dZI9ENN6fUGC7mWpMTPNHmWUSNan9tuWN6ahh5ZLNk9baLJOnSMlrQkHcrfFgz2/RigjUVAjdx36VcemKA==",
      "dependencies": {
        "color-convert": "^1.9.3",
        "color-string": "^1.6.0"
      }
    },
    "node_modules/color-convert": {
      "version": "1.9.3",
      "resolved": "https://registry.npmmirror.com/color-convert/-/color-convert-1.9.3.tgz",
      "integrity": "sha512-QfAUtd+vFdAtFQcC8CCyYt1fYWxSqAiK2cSD6zDB8N3cpsEBAvRxp9zOGg6G/SHHJYAT88/az/IuDGALsNVbGg==",
      "dependencies": {
        "color-name": "1.1.3"
      }
    },
    "node_modules/color-name": {
      "version": "1.1.3",
      "resolved": "https://registry.npmmirror.com/color-name/-/color-name-1.1.3.tgz",
      "integrity": "sha512-72fSenhMw2HZMTVHeCA9KCmpEIbzWiQsjN+BHcBbS9vr1mtt+vJjPdksIBNUmKAW8TFUDPJK5SUU3QhE9NEXDw=="
    },
    "node_modules/color-string": {
      "version": "1.9.1",
      "resolved": "https://registry.npmmirror.com/color-string/-/color-string-1.9.1.tgz",
      "integrity": "sha512-shrVawQFojnZv6xM40anx4CkoDP+fZsw/ZerEMsW/pyzsRbElpsL/DBVW7q3ExxwusdNXI3lXpuhEZkzs8p5Eg==",
      "dependencies": {
        "color-name": "^1.0.0",
        "simple-swizzle": "^0.2.2"
      }
    },
    "node_modules/colorspace": {
      "version": "1.1.4",
      "resolved": "https://registry.npmmirror.com/colorspace/-/colorspace-1.1.4.tgz",
      "integrity": "sha512-BgvKJiuVu1igBUF2kEjRCZXol6wiiGbY5ipL/oVPwm0BL9sIpMIzM8IK7vwuxIIzOXMV3Ey5w+vxhm0rR/TN8w==",
      "dependencies": {
        "color": "^3.1.3",
        "text-hex": "1.0.x"
      }
    },
    "node_modules/commander": {
      "version": "2.3.0",
      "resolved": "https://registry.npmjs.org/commander/-/commander-2.3.0.tgz",
      "integrity": "sha512-CD452fnk0jQyk3NfnK+KkR/hUPoHt5pVaKHogtyyv3N0U4QfAal9W0/rXLOg/vVZgQKa7jdtXypKs1YAip11uQ==",
      "dev": true,
      "engines": {
        "node": ">= 0.6.x"
      }
    },
    "node_modules/deep-eql": {
      "version": "4.1.3",
      "resolved": "https://registry.npmjs.org/deep-eql/-/deep-eql-4.1.3.tgz",
      "integrity": "sha512-WaEtAOpRA1MQ0eohqZjpGD8zdI0Ovsm8mmFhaDN8dvDZzyoUMcYDnf5Y6iu7HTXxf8JDS23qWa4a+hKCDyOPzw==",
      "dev": true,
      "dependencies": {
        "type-detect": "^4.0.0"
      },
      "engines": {
        "node": ">=6"
      }
    },
    "node_modules/diff": {
      "version": "1.4.0",
      "resolved": "https://registry.npmjs.org/diff/-/diff-1.4.0.tgz",
      "integrity": "sha512-VzVc42hMZbYU9Sx/ltb7KYuQ6pqAw+cbFWVy4XKdkuEL2CFaRLGEnISPs7YdzaUGpi+CpIqvRmu7hPQ4T7EQ5w==",
      "dev": true,
      "engines": {
        "node": ">=0.3.1"
      }
    },
    "node_modules/docdash": {
      "version": "2.0.2",
      "resolved": "https://registry.npmjs.org/docdash/-/docdash-2.0.2.tgz",
      "integrity": "sha512-3SDDheh9ddrwjzf6dPFe1a16M6ftstqTNjik2+1fx46l24H9dD2osT2q9y+nBEC1wWz4GIqA48JmicOLQ0R8xA==",
      "dev": true,
      "dependencies": {
        "@jsdoc/salty": "^0.2.1"
      }
    },
    "node_modules/enabled": {
      "version": "2.0.0",
      "resolved": "https://registry.npmmirror.com/enabled/-/enabled-2.0.0.tgz",
      "integrity": "sha512-AKrN98kuwOzMIdAizXGI86UFBoo26CL21UM763y1h/GMSJ4/OHU9k2YlsmBpyScFo/wbLzWQJBMCW4+IO3/+OQ=="
    },
    "node_modules/escape-string-regexp": {
      "version": "1.0.2",
      "resolved": "https://registry.npmjs.org/escape-string-regexp/-/escape-string-regexp-1.0.2.tgz",
      "integrity": "sha512-cQpUid7bdTUnFin8S7BnNdOk+/eDqQmKgCANSyd/jAhrKEvxUvr9VQ8XZzXiOtest8NLfk3FSBZzwvemZNQ6Vg==",
      "dev": true,
      "engines": {
        "node": ">=0.8.0"
      }
    },
    "node_modules/fecha": {
      "version": "4.2.3",
      "resolved": "https://registry.npmmirror.com/fecha/-/fecha-4.2.3.tgz",
      "integrity": "sha512-OP2IUU6HeYKJi3i0z4A19kHMQoLVs4Hc+DPqqxI2h/DPZHTm/vjsfC6P0b4jCMy14XizLBqvndQ+UilD7707Jw=="
    },
    "node_modules/file-stream-rotator": {
      "version": "0.6.1",
      "resolved": "https://registry.npmmirror.com/file-stream-rotator/-/file-stream-rotator-0.6.1.tgz",
      "integrity": "sha512-u+dBid4PvZw17PmDeRcNOtCP9CCK/9lRN2w+r1xIS7yOL9JFrIBKTvrYsxT4P0pGtThYTn++QS5ChHaUov3+zQ==",
      "dependencies": {
        "moment": "^2.29.1"
      }
    },
    "node_modules/fn.name": {
      "version": "1.1.0",
      "resolved": "https://registry.npmmirror.com/fn.name/-/fn.name-1.1.0.tgz",
      "integrity": "sha512-GRnmB5gPyJpAhTQdSZTSp9uaPSvl09KoYcMQtsB9rQoOmzs9dH6ffeccH+Z+cv6P68Hu5bC6JjRh4Ah/mHSNRw=="
    },
    "node_modules/get-func-name": {
      "version": "2.0.0",
      "resolved": "https://registry.npmjs.org/get-func-name/-/get-func-name-2.0.0.tgz",
      "integrity": "sha512-Hm0ixYtaSZ/V7C8FJrtZIuBBI+iSgL+1Aq82zSu8VQNB4S3Gk8e7Qs3VwBDJAhmRZcFqkl3tQu36g/Foh5I5ig==",
      "dev": true,
      "engines": {
        "node": "*"
      }
    },
    "node_modules/glob": {
      "version": "3.2.11",
      "resolved": "https://registry.npmjs.org/glob/-/glob-3.2.11.tgz",
      "integrity": "sha512-hVb0zwEZwC1FXSKRPFTeOtN7AArJcJlI6ULGLtrstaswKNlrTJqAA+1lYlSUop4vjA423xlBzqfVS3iWGlqJ+g==",
      "dev": true,
      "dependencies": {
        "inherits": "2",
        "minimatch": "0.3"
      },
      "engines": {
        "node": "*"
      }
    },
    "node_modules/growl": {
      "version": "1.9.2",
      "resolved": "https://registry.npmjs.org/growl/-/growl-1.9.2.tgz",
      "integrity": "sha512-RTBwDHhNuOx4F0hqzItc/siXCasGfC4DeWcBamclWd+6jWtBaeB/SGbMkGf0eiQoW7ib8JpvOgnUsmgMHI3Mfw==",
      "dev": true
    },
    "node_modules/inherits": {
      "version": "2.0.4",
      "resolved": "https://registry.npmjs.org/inherits/-/inherits-2.0.4.tgz",
      "integrity": "sha512-k/vGaX4/Yla3WzyMCvTQOXYeIHvqOKtnqBduzTHpzpQZzAskKMhZ2K+EnBiSM9zGSoIFeMpXKxa4dYeZIQqewQ=="
    },
    "node_modules/is-arrayish": {
      "version": "0.3.2",
      "resolved": "https://registry.npmmirror.com/is-arrayish/-/is-arrayish-0.3.2.tgz",
      "integrity": "sha512-eVRqCvVlZbuw3GrM63ovNSNAeA1K16kaR/LRY/92w0zxQ5/1YzwblUX652i4Xs9RwAGjW9d9y6X88t8OaAJfWQ=="
    },
    "node_modules/is-stream": {
      "version": "2.0.1",
      "resolved": "https://registry.npmmirror.com/is-stream/-/is-stream-2.0.1.tgz",
      "integrity": "sha512-hFoiJiTl63nn+kstHGBtewWSKnQLpyb155KHheA1l39uvtO9nWIop1p3udqPcUd/xbF1VLMO4n7OI6p7RbngDg==",
      "engines": {
        "node": ">=8"
      }
    },
    "node_modules/jade": {
      "version": "0.26.3",
      "resolved": "https://registry.npmjs.org/jade/-/jade-0.26.3.tgz",
      "integrity": "sha512-mkk3vzUHFjzKjpCXeu+IjXeZD+QOTjUUdubgmHtHTDwvAO2ZTkMTTVrapts5CWz3JvJryh/4KWZpjeZrCepZ3A==",
      "deprecated": "Jade has been renamed to pug, please install the latest version of pug instead of jade",
      "dev": true,
      "dependencies": {
        "commander": "0.6.1",
        "mkdirp": "0.3.0"
      },
      "bin": {
        "jade": "bin/jade"
      }
    },
    "node_modules/jade/node_modules/commander": {
      "version": "0.6.1",
      "resolved": "https://registry.npmjs.org/commander/-/commander-0.6.1.tgz",
      "integrity": "sha512-0fLycpl1UMTGX257hRsu/arL/cUbcvQM4zMKwvLvzXtfdezIV4yotPS2dYtknF+NmEfWSoCEF6+hj9XLm/6hEw==",
      "dev": true,
      "engines": {
        "node": ">= 0.4.x"
      }
    },
    "node_modules/jade/node_modules/mkdirp": {
      "version": "0.3.0",
      "resolved": "https://registry.npmjs.org/mkdirp/-/mkdirp-0.3.0.tgz",
      "integrity": "sha512-OHsdUcVAQ6pOtg5JYWpCBo9W/GySVuwvP9hueRMW7UqshC0tbfzLv8wjySTPm3tfUZ/21CE9E1pJagOA91Pxew==",
      "deprecated": "Legacy versions of mkdirp are no longer supported. Please update to mkdirp 1.x. (Note that the API surface has changed to use Promises in 1.x.)",
      "dev": true,
      "engines": {
        "node": "*"
      }
    },
    "node_modules/kuler": {
      "version": "2.0.0",
      "resolved": "https://registry.npmmirror.com/kuler/-/kuler-2.0.0.tgz",
      "integrity": "sha512-Xq9nH7KlWZmXAtodXDDRE7vs6DU1gTU8zYDHDiWLSip45Egwq3plLHzPn27NgvzL2r1LMPC1vdqh98sQxtqj4A=="
    },
    "node_modules/lodash": {
      "version": "4.17.21",
      "resolved": "https://registry.npmjs.org/lodash/-/lodash-4.17.21.tgz",
      "integrity": "sha512-v2kDEe57lecTulaDIuNTPy3Ry4gLGJ6Z1O3vE1krgXZNrsQ+LFTGHVxVjcXPs17LhbZVGedAJv8XZ1tvj5FvSg==",
      "dev": true
    },
    "node_modules/logform": {
      "version": "2.6.0",
      "resolved": "https://registry.npmmirror.com/logform/-/logform-2.6.0.tgz",
      "integrity": "sha512-1ulHeNPp6k/LD8H91o7VYFBng5i1BDE7HoKxVbZiGFidS1Rj65qcywLxX+pVfAPoQJEjRdvKcusKwOupHCVOVQ==",
      "dependencies": {
        "@colors/colors": "1.6.0",
        "@types/triple-beam": "^1.3.2",
        "fecha": "^4.2.0",
        "ms": "^2.1.1",
        "safe-stable-stringify": "^2.3.1",
        "triple-beam": "^1.3.0"
      },
      "engines": {
        "node": ">= 12.0.0"
      }
    },
    "node_modules/loupe": {
      "version": "2.3.6",
      "resolved": "https://registry.npmjs.org/loupe/-/loupe-2.3.6.tgz",
      "integrity": "sha512-RaPMZKiMy8/JruncMU5Bt6na1eftNoo++R4Y+N2FrxkDVTrGvcyzFTsaGif4QTeKESheMGegbhw6iUAq+5A8zA==",
      "dev": true,
      "dependencies": {
        "get-func-name": "^2.0.0"
      }
    },
    "node_modules/lru-cache": {
      "version": "2.7.3",
      "resolved": "https://registry.npmjs.org/lru-cache/-/lru-cache-2.7.3.tgz",
      "integrity": "sha512-WpibWJ60c3AgAz8a2iYErDrcT2C7OmKnsWhIcHOjkUHFjkXncJhtLxNSqUmxRxRunpb5I8Vprd7aNSd2NtksJQ==",
      "dev": true
    },
    "node_modules/minimatch": {
      "version": "0.3.0",
      "resolved": "https://registry.npmjs.org/minimatch/-/minimatch-0.3.0.tgz",
      "integrity": "sha512-WFX1jI1AaxNTZVOHLBVazwTWKaQjoykSzCBNXB72vDTCzopQGtyP91tKdFK5cv1+qMwPyiTu1HqUriqplI8pcA==",
      "deprecated": "Please update to minimatch 3.0.2 or higher to avoid a RegExp DoS issue",
      "dev": true,
      "dependencies": {
        "lru-cache": "2",
        "sigmund": "~1.0.0"
      },
      "engines": {
        "node": "*"
      }
    },
    "node_modules/minimist": {
      "version": "0.0.8",
      "resolved": "https://registry.npmjs.org/minimist/-/minimist-0.0.8.tgz",
      "integrity": "sha512-miQKw5Hv4NS1Psg2517mV4e4dYNaO3++hjAvLOAzKqZ61rH8NS1SK+vbfBWZ5PY/Me/bEWhUwqMghEW5Fb9T7Q==",
      "dev": true
    },
    "node_modules/mkdirp": {
      "version": "0.5.1",
      "resolved": "https://registry.npmjs.org/mkdirp/-/mkdirp-0.5.1.tgz",
      "integrity": "sha512-SknJC52obPfGQPnjIkXbmA6+5H15E+fR+E4iR2oQ3zzCLbd7/ONua69R/Gw7AgkTLsRG+r5fzksYwWe1AgTyWA==",
      "deprecated": "Legacy versions of mkdirp are no longer supported. Please update to mkdirp 1.x. (Note that the API surface has changed to use Promises in 1.x.)",
      "dev": true,
      "dependencies": {
        "minimist": "0.0.8"
      },
      "bin": {
        "mkdirp": "bin/cmd.js"
      }
    },
    "node_modules/mocha": {
      "version": "2.5.3",
      "resolved": "https://registry.npmjs.org/mocha/-/mocha-2.5.3.tgz",
      "integrity": "sha512-jNt2iEk9FPmZLzL+sm4FNyOIDYXf2wUU6L4Cc8OIKK/kzgMHKPi4YhTZqG4bW4kQVdIv6wutDybRhXfdnujA1Q==",
      "dev": true,
      "dependencies": {
        "commander": "2.3.0",
        "debug": "2.2.0",
        "diff": "1.4.0",
        "escape-string-regexp": "1.0.2",
        "glob": "3.2.11",
        "growl": "1.9.2",
        "jade": "0.26.3",
        "mkdirp": "0.5.1",
        "supports-color": "1.2.0",
        "to-iso-string": "0.0.2"
      },
      "bin": {
        "_mocha": "bin/_mocha",
        "mocha": "bin/mocha"
      },
      "engines": {
        "node": ">= 0.8.x"
      }
    },
    "node_modules/mocha/node_modules/debug": {
      "version": "2.2.0",
      "resolved": "https://registry.npmjs.org/debug/-/debug-2.2.0.tgz",
      "integrity": "sha512-X0rGvJcskG1c3TgSCPqHJ0XJgwlcvOC7elJ5Y0hYuKBZoVqWpAMfLOeIh2UI/DCQ5ruodIjvsugZtjUYUw2pUw==",
      "dev": true,
      "dependencies": {
        "ms": "0.7.1"
      }
    },
    "node_modules/mocha/node_modules/ms": {
      "version": "0.7.1",
      "resolved": "https://registry.npmjs.org/ms/-/ms-0.7.1.tgz",
      "integrity": "sha512-lRLiIR9fSNpnP6TC4v8+4OU7oStC01esuNowdQ34L+Gk8e5Puoc88IqJ+XAY/B3Mn2ZKis8l8HX90oU8ivzUHg==",
      "dev": true
    },
    "node_modules/moment": {
      "version": "2.30.1",
      "resolved": "https://registry.npmmirror.com/moment/-/moment-2.30.1.tgz",
      "integrity": "sha512-uEmtNhbDOrWPFS+hdjFCBfy9f2YoyzRpwcl+DqpC6taX21FzsTLQVbMV/W7PzNSX6x/bhC1zA3c2UQ5NzH6how==",
      "engines": {
        "node": "*"
      }
    },
    "node_modules/ms": {
      "version": "2.1.2",
      "resolved": "https://registry.npmmirror.com/ms/-/ms-2.1.2.tgz",
      "integrity": "sha512-sGkPx+VjMtmA6MX27oA4FBFELFCZZ4S4XqeGOXCv68tT+jb3vk/RyaKWP0PTKyWtmLSM0b+adUTEvbs1PEaH2w=="
    },
    "node_modules/object-hash": {
      "version": "2.2.0",
      "resolved": "https://registry.npmmirror.com/object-hash/-/object-hash-2.2.0.tgz",
      "integrity": "sha512-gScRMn0bS5fH+IuwyIFgnh9zBdo4DV+6GhygmWM9HyNJSgS0hScp1f5vjtm7oIIOiT9trXrShAkLFSc2IqKNgw==",
      "engines": {
        "node": ">= 6"
      }
    },
    "node_modules/one-time": {
      "version": "1.0.0",
      "resolved": "https://registry.npmmirror.com/one-time/-/one-time-1.0.0.tgz",
      "integrity": "sha512-5DXOiRKwuSEcQ/l0kGCF6Q3jcADFv5tSmRaJck/OqkVFcOzutB134KRSfF0xDrL39MNnqxbHBbUUcjZIhTgb2g==",
      "dependencies": {
        "fn.name": "1.x.x"
      }
    },
    "node_modules/pathval": {
      "version": "1.1.1",
      "resolved": "https://registry.npmjs.org/pathval/-/pathval-1.1.1.tgz",
      "integrity": "sha512-Dp6zGqpTdETdR63lehJYPeIOqpiNBNtc7BpWSLrOje7UaIsE5aY92r/AunQA7rsXvet3lrJ3JnZX29UPTKXyKQ==",
      "dev": true,
      "engines": {
        "node": "*"
      }
    },
    "node_modules/readable-stream": {
      "version": "3.6.2",
      "resolved": "https://registry.npmmirror.com/readable-stream/-/readable-stream-3.6.2.tgz",
      "integrity": "sha512-9u/sniCrY3D5WdsERHzHE4G2YCXqoG5FTHUiCC4SIbr6XcLZBY05ya9EKjYek9O5xOAwjGq+1JdGBAS7Q9ScoA==",
      "dependencies": {
        "inherits": "^2.0.3",
        "string_decoder": "^1.1.1",
        "util-deprecate": "^1.0.1"
      },
      "engines": {
        "node": ">= 6"
      }
    },
    "node_modules/safe-buffer": {
      "version": "5.2.1",
      "resolved": "https://registry.npmmirror.com/safe-buffer/-/safe-buffer-5.2.1.tgz",
      "integrity": "sha512-rp3So07KcdmmKbGvgaNxQSJr7bGVSVk5S9Eq1F+ppbRo70+YeaDxkw5Dd8NPN+GD6bjnYm2VuPuCXmpuYvmCXQ=="
    },
    "node_modules/safe-stable-stringify": {
      "version": "2.4.3",
      "resolved": "https://registry.npmmirror.com/safe-stable-stringify/-/safe-stable-stringify-2.4.3.tgz",
      "integrity": "sha512-e2bDA2WJT0wxseVd4lsDP4+3ONX6HpMXQa1ZhFQ7SU+GjvORCmShbCMltrtIDfkYhVHrOcPtj+KhmDBdPdZD1g==",
      "engines": {
        "node": ">=10"
      }
    },
    "node_modules/sigmund": {
      "version": "1.0.1",
      "resolved": "https://registry.npmjs.org/sigmund/-/sigmund-1.0.1.tgz",
      "integrity": "sha512-fCvEXfh6NWpm+YSuY2bpXb/VIihqWA6hLsgboC+0nl71Q7N7o2eaCW8mJa/NLvQhs6jpd3VZV4UiUQlV6+lc8g==",
      "dev": true
    },
    "node_modules/simple-swizzle": {
      "version": "0.2.2",
      "resolved": "https://registry.npmmirror.com/simple-swizzle/-/simple-swizzle-0.2.2.tgz",
      "integrity": "sha512-JA//kQgZtbuY83m+xT+tXJkmJncGMTFT+C+g2h2R9uxkYIrE2yy9sgmcLhCnw57/WSD+Eh3J97FPEDFnbXnDUg==",
      "dependencies": {
        "is-arrayish": "^0.3.1"
      }
    },
    "node_modules/stack-trace": {
      "version": "0.0.10",
      "resolved": "https://registry.npmmirror.com/stack-trace/-/stack-trace-0.0.10.tgz",
      "integrity": "sha512-KGzahc7puUKkzyMt+IqAep+TVNbKP+k2Lmwhub39m1AsTSkaDutx56aDCo+HLDzf/D26BIHTJWNiTG1KAJiQCg==",
      "engines": {
        "node": "*"
      }
    },
    "node_modules/string_decoder": {
      "version": "1.3.0",
      "resolved": "https://registry.npmmirror.com/string_decoder/-/string_decoder-1.3.0.tgz",
      "integrity": "sha512-hkRX8U1WjJFd8LsDJ2yQ/wWWxaopEsABU1XfkM8A+j0+85JAGppt16cr1Whg6KIbb4okU6Mql6BOj+uup/wKeA==",
      "dependencies": {
        "safe-buffer": "~5.2.0"
      }
    },
    "node_modules/supports-color": {
      "version": "1.2.0",
      "resolved": "https://registry.npmjs.org/supports-color/-/supports-color-1.2.0.tgz",
      "integrity": "sha512-mS5xsnjTh5b7f2DM6bch6lR582UCOTphzINlZnDsfpIRrwI6r58rb6YSSGsdexkm8qw2bBVO2ID2fnJOTuLiPA==",
      "dev": true,
      "bin": {
        "supports-color": "cli.js"
      },
      "engines": {
        "node": ">=0.10.0"
      }
    },
    "node_modules/text-hex": {
      "version": "1.0.0",
      "resolved": "https://registry.npmmirror.com/text-hex/-/text-hex-1.0.0.tgz",
      "integrity": "sha512-uuVGNWzgJ4yhRaNSiubPY7OjISw4sw4E5Uv0wbjp+OzcbmVU/rsT8ujgcXJhn9ypzsgr5vlzpPqP+MBBKcGvbg=="
    },
    "node_modules/to-iso-string": {
      "version": "0.0.2",
      "resolved": "https://registry.npmjs.org/to-iso-string/-/to-iso-string-0.0.2.tgz",
      "integrity": "sha512-oeHLgfWA7d0CPQa6h0+i5DAJZISz5un0d5SHPkw+Untclcvzv9T+AC3CvGXlZJdOlIbxbTfyyzlqCXc5hjpXYg==",
      "deprecated": "to-iso-string has been deprecated, use @segment/to-iso-string instead.",
      "dev": true
    },
    "node_modules/triple-beam": {
      "version": "1.4.1",
      "resolved": "https://registry.npmmirror.com/triple-beam/-/triple-beam-1.4.1.tgz",
      "integrity": "sha512-aZbgViZrg1QNcG+LULa7nhZpJTZSLm/mXnHXnbAbjmN5aSa0y7V+wvv6+4WaBtpISJzThKy+PIPxc1Nq1EJ9mg==",
      "engines": {
        "node": ">= 14.0.0"
      }
    },
    "node_modules/type-detect": {
      "version": "4.0.8",
      "resolved": "https://registry.npmjs.org/type-detect/-/type-detect-4.0.8.tgz",
      "integrity": "sha512-0fr/mIH1dlO+x7TlcMy+bIDqKPsw/70tVyeHW787goQjhmqaZe10uwLujubK9q9Lg6Fiho1KUKDYz0Z7k7g5/g==",
      "dev": true,
      "engines": {
        "node": ">=4"
      }
    },
    "node_modules/util-deprecate": {
      "version": "1.0.2",
      "resolved": "https://registry.npmmirror.com/util-deprecate/-/util-deprecate-1.0.2.tgz",
      "integrity": "sha512-EPD5q1uXyFxJpCrLnCc1nHnq3gOa6DZBocAIiI2TaSCA7VCJ1UJDMagCzIkXNsUYfD1daK//LTEQ8xiIbrHtcw=="
    },
    "node_modules/winston": {
      "version": "3.12.0",
      "resolved": "https://registry.npmmirror.com/winston/-/winston-3.12.0.tgz",
      "integrity": "sha512-OwbxKaOlESDi01mC9rkM0dQqQt2I8DAUMRLZ/HpbwvDXm85IryEHgoogy5fziQy38PntgZsLlhAYHz//UPHZ5w==",
      "dependencies": {
        "@colors/colors": "^1.6.0",
        "@dabh/diagnostics": "^2.0.2",
        "async": "^3.2.3",
        "is-stream": "^2.0.0",
        "logform": "^2.4.0",
        "one-time": "^1.0.0",
        "readable-stream": "^3.4.0",
        "safe-stable-stringify": "^2.3.1",
        "stack-trace": "0.0.x",
        "triple-beam": "^1.3.0",
        "winston-transport": "^4.7.0"
      },
      "engines": {
        "node": ">= 12.0.0"
      }
    },
    "node_modules/winston-daily-rotate-file": {
      "version": "4.7.1",
      "resolved": "https://registry.npmmirror.com/winston-daily-rotate-file/-/winston-daily-rotate-file-4.7.1.tgz",
      "integrity": "sha512-7LGPiYGBPNyGHLn9z33i96zx/bd71pjBn9tqQzO3I4Tayv94WPmBNwKC7CO1wPHdP9uvu+Md/1nr6VSH9h0iaA==",
      "dependencies": {
        "file-stream-rotator": "^0.6.1",
        "object-hash": "^2.0.1",
        "triple-beam": "^1.3.0",
        "winston-transport": "^4.4.0"
      },
      "engines": {
        "node": ">=8"
      },
      "peerDependencies": {
        "winston": "^3"
      }
    },
    "node_modules/winston-transport": {
      "version": "4.7.0",
      "resolved": "https://registry.npmmirror.com/winston-transport/-/winston-transport-4.7.0.tgz",
      "integrity": "sha512-ajBj65K5I7denzer2IYW6+2bNIVqLGDHqDw3Ow8Ohh+vdW+rv4MZ6eiDvHoKhfJFZ2auyN8byXieDDJ96ViONg==",
      "dependencies": {
        "logform": "^2.3.2",
        "readable-stream": "^3.6.0",
        "triple-beam": "^1.3.0"
      },
      "engines": {
        "node": ">= 12.0.0"
      }
    }
  },
  "dependencies": {
    "@colors/colors": {
      "version": "1.6.0",
      "resolved": "https://registry.npmmirror.com/@colors/colors/-/colors-1.6.0.tgz",
      "integrity": "sha512-Ir+AOibqzrIsL6ajt3Rz3LskB7OiMVHqltZmspbW/TJuTVuyOMirVqAkjfY6JISiLHgyNqicAC8AyHHGzNd/dA=="
    },
    "@dabh/diagnostics": {
      "version": "2.0.3",
      "resolved": "https://registry.npmmirror.com/@dabh/diagnostics/-/diagnostics-2.0.3.tgz",
      "integrity": "sha512-hrlQOIi7hAfzsMqlGSFyVucrx38O+j6wiGOf//H2ecvIEqYN4ADBSS2iLMh5UFyDunCNniUIPk/q3riFv45xRA==",
      "requires": {
        "colorspace": "1.1.x",
        "enabled": "2.0.x",
        "kuler": "^2.0.0"
      }
    },
    "@jsdoc/salty": {
      "version": "0.2.5",
      "resolved": "https://registry.npmjs.org/@jsdoc/salty/-/salty-0.2.5.tgz",
      "integrity": "sha512-TfRP53RqunNe2HBobVBJ0VLhK1HbfvBYeTC1ahnN64PWvyYyGebmMiPkuwvD9fpw2ZbkoPb8Q7mwy0aR8Z9rvw==",
      "dev": true,
      "requires": {
        "lodash": "^4.17.21"
      }
    },
    "@types/triple-beam": {
      "version": "1.3.5",
      "resolved": "https://registry.npmmirror.com/@types/triple-beam/-/triple-beam-1.3.5.tgz",
      "integrity": "sha512-6WaYesThRMCl19iryMYP7/x2OVgCtbIVflDGFpWnb9irXI3UjYE4AzmYuiUKY1AJstGijoY+MgUszMgRxIYTYw=="
    },
    "assertion-error": {
      "version": "1.1.0",
      "resolved": "https://registry.npmjs.org/assertion-error/-/assertion-error-1.1.0.tgz",
      "integrity": "sha512-jgsaNduz+ndvGyFt3uSuWqvy4lCnIJiovtouQN5JZHOKCS2QuhEdbcQHFhVksz2N2U9hXJo8odG7ETyWlEeuDw==",
      "dev": true
    },
    "async": {
      "version": "3.2.5",
      "resolved": "https://registry.npmmirror.com/async/-/async-3.2.5.tgz",
      "integrity": "sha512-baNZyqaaLhyLVKm/DlvdW051MSgO6b8eVfIezl9E5PqWxFgzLm/wQntEW4zOytVburDEr0JlALEpdOFwvErLsg=="
    },
    "chai": {
      "version": "4.3.7",
      "resolved": "https://registry.npmjs.org/chai/-/chai-4.3.7.tgz",
      "integrity": "sha512-HLnAzZ2iupm25PlN0xFreAlBA5zaBSv3og0DdeGA4Ar6h6rJ3A0rolRUKJhSF2V10GZKDgWF/VmAEsNWjCRB+A==",
      "dev": true,
      "requires": {
        "assertion-error": "^1.1.0",
        "check-error": "^1.0.2",
        "deep-eql": "^4.1.2",
        "get-func-name": "^2.0.0",
        "loupe": "^2.3.1",
        "pathval": "^1.1.1",
        "type-detect": "^4.0.5"
      }
    },
    "check-error": {
      "version": "1.0.2",
      "resolved": "https://registry.npmjs.org/check-error/-/check-error-1.0.2.tgz",
      "integrity": "sha512-BrgHpW9NURQgzoNyjfq0Wu6VFO6D7IZEmJNdtgNqpzGG8RuNFHt2jQxWlAs4HMe119chBnv+34syEZtc6IhLtA==",
      "dev": true
    },
    "color": {
      "version": "3.2.1",
      "resolved": "https://registry.npmmirror.com/color/-/color-3.2.1.tgz",
      "integrity": "sha512-aBl7dZI9ENN6fUGC7mWpMTPNHmWUSNan9tuWN6ahh5ZLNk9baLJOnSMlrQkHcrfFgz2/RigjUVAjdx36VcemKA==",
      "requires": {
        "color-convert": "^1.9.3",
        "color-string": "^1.6.0"
      }
    },
    "color-convert": {
      "version": "1.9.3",
      "resolved": "https://registry.npmmirror.com/color-convert/-/color-convert-1.9.3.tgz",
      "integrity": "sha512-QfAUtd+vFdAtFQcC8CCyYt1fYWxSqAiK2cSD6zDB8N3cpsEBAvRxp9zOGg6G/SHHJYAT88/az/IuDGALsNVbGg==",
      "requires": {
        "color-name": "1.1.3"
      }
    },
    "color-name": {
      "version": "1.1.3",
      "resolved": "https://registry.npmmirror.com/color-name/-/color-name-1.1.3.tgz",
      "integrity": "sha512-72fSenhMw2HZMTVHeCA9KCmpEIbzWiQsjN+BHcBbS9vr1mtt+vJjPdksIBNUmKAW8TFUDPJK5SUU3QhE9NEXDw=="
    },
    "color-string": {
      "version": "1.9.1",
      "resolved": "https://registry.npmmirror.com/color-string/-/color-string-1.9.1.tgz",
      "integrity": "sha512-shrVawQFojnZv6xM40anx4CkoDP+fZsw/ZerEMsW/pyzsRbElpsL/DBVW7q3ExxwusdNXI3lXpuhEZkzs8p5Eg==",
      "requires": {
        "color-name": "^1.0.0",
        "simple-swizzle": "^0.2.2"
      }
    },
    "colorspace": {
      "version": "1.1.4",
      "resolved": "https://registry.npmmirror.com/colorspace/-/colorspace-1.1.4.tgz",
      "integrity": "sha512-BgvKJiuVu1igBUF2kEjRCZXol6wiiGbY5ipL/oVPwm0BL9sIpMIzM8IK7vwuxIIzOXMV3Ey5w+vxhm0rR/TN8w==",
      "requires": {
        "color": "^3.1.3",
        "text-hex": "1.0.x"
      }
    },
    "commander": {
      "version": "2.3.0",
      "resolved": "https://registry.npmjs.org/commander/-/commander-2.3.0.tgz",
      "integrity": "sha512-CD452fnk0jQyk3NfnK+KkR/hUPoHt5pVaKHogtyyv3N0U4QfAal9W0/rXLOg/vVZgQKa7jdtXypKs1YAip11uQ==",
      "dev": true
    },
    "deep-eql": {
      "version": "4.1.3",
      "resolved": "https://registry.npmjs.org/deep-eql/-/deep-eql-4.1.3.tgz",
      "integrity": "sha512-WaEtAOpRA1MQ0eohqZjpGD8zdI0Ovsm8mmFhaDN8dvDZzyoUMcYDnf5Y6iu7HTXxf8JDS23qWa4a+hKCDyOPzw==",
      "dev": true,
      "requires": {
        "type-detect": "^4.0.0"
      }
    },
    "diff": {
      "version": "1.4.0",
      "resolved": "https://registry.npmjs.org/diff/-/diff-1.4.0.tgz",
      "integrity": "sha512-VzVc42hMZbYU9Sx/ltb7KYuQ6pqAw+cbFWVy4XKdkuEL2CFaRLGEnISPs7YdzaUGpi+CpIqvRmu7hPQ4T7EQ5w==",
      "dev": true
    },
    "docdash": {
      "version": "2.0.2",
      "resolved": "https://registry.npmjs.org/docdash/-/docdash-2.0.2.tgz",
      "integrity": "sha512-3SDDheh9ddrwjzf6dPFe1a16M6ftstqTNjik2+1fx46l24H9dD2osT2q9y+nBEC1wWz4GIqA48JmicOLQ0R8xA==",
      "dev": true,
      "requires": {
        "@jsdoc/salty": "^0.2.1"
      }
    },
    "enabled": {
      "version": "2.0.0",
      "resolved": "https://registry.npmmirror.com/enabled/-/enabled-2.0.0.tgz",
      "integrity": "sha512-AKrN98kuwOzMIdAizXGI86UFBoo26CL21UM763y1h/GMSJ4/OHU9k2YlsmBpyScFo/wbLzWQJBMCW4+IO3/+OQ=="
    },
    "escape-string-regexp": {
      "version": "1.0.2",
      "resolved": "https://registry.npmjs.org/escape-string-regexp/-/escape-string-regexp-1.0.2.tgz",
      "integrity": "sha512-cQpUid7bdTUnFin8S7BnNdOk+/eDqQmKgCANSyd/jAhrKEvxUvr9VQ8XZzXiOtest8NLfk3FSBZzwvemZNQ6Vg==",
      "dev": true
    },
    "fecha": {
      "version": "4.2.3",
      "resolved": "https://registry.npmmirror.com/fecha/-/fecha-4.2.3.tgz",
      "integrity": "sha512-OP2IUU6HeYKJi3i0z4A19kHMQoLVs4Hc+DPqqxI2h/DPZHTm/vjsfC6P0b4jCMy14XizLBqvndQ+UilD7707Jw=="
    },
    "file-stream-rotator": {
      "version": "0.6.1",
      "resolved": "https://registry.npmmirror.com/file-stream-rotator/-/file-stream-rotator-0.6.1.tgz",
      "integrity": "sha512-u+dBid4PvZw17PmDeRcNOtCP9CCK/9lRN2w+r1xIS7yOL9JFrIBKTvrYsxT4P0pGtThYTn++QS5ChHaUov3+zQ==",
      "requires": {
        "moment": "^2.29.1"
      }
    },
    "fn.name": {
      "version": "1.1.0",
      "resolved": "https://registry.npmmirror.com/fn.name/-/fn.name-1.1.0.tgz",
      "integrity": "sha512-GRnmB5gPyJpAhTQdSZTSp9uaPSvl09KoYcMQtsB9rQoOmzs9dH6ffeccH+Z+cv6P68Hu5bC6JjRh4Ah/mHSNRw=="
    },
    "get-func-name": {
      "version": "2.0.0",
      "resolved": "https://registry.npmjs.org/get-func-name/-/get-func-name-2.0.0.tgz",
      "integrity": "sha512-Hm0ixYtaSZ/V7C8FJrtZIuBBI+iSgL+1Aq82zSu8VQNB4S3Gk8e7Qs3VwBDJAhmRZcFqkl3tQu36g/Foh5I5ig==",
      "dev": true
    },
    "glob": {
      "version": "3.2.11",
      "resolved": "https://registry.npmjs.org/glob/-/glob-3.2.11.tgz",
      "integrity": "sha512-hVb0zwEZwC1FXSKRPFTeOtN7AArJcJlI6ULGLtrstaswKNlrTJqAA+1lYlSUop4vjA423xlBzqfVS3iWGlqJ+g==",
      "dev": true,
      "requires": {
        "inherits": "2",
        "minimatch": "0.3"
      }
    },
    "growl": {
      "version": "1.9.2",
      "resolved": "https://registry.npmjs.org/growl/-/growl-1.9.2.tgz",
      "integrity": "sha512-RTBwDHhNuOx4F0hqzItc/siXCasGfC4DeWcBamclWd+6jWtBaeB/SGbMkGf0eiQoW7ib8JpvOgnUsmgMHI3Mfw==",
      "dev": true
    },
    "inherits": {
      "version": "2.0.4",
      "resolved": "https://registry.npmjs.org/inherits/-/inherits-2.0.4.tgz",
      "integrity": "sha512-k/vGaX4/Yla3WzyMCvTQOXYeIHvqOKtnqBduzTHpzpQZzAskKMhZ2K+EnBiSM9zGSoIFeMpXKxa4dYeZIQqewQ=="
    },
    "is-arrayish": {
      "version": "0.3.2",
      "resolved": "https://registry.npmmirror.com/is-arrayish/-/is-arrayish-0.3.2.tgz",
      "integrity": "sha512-eVRqCvVlZbuw3GrM63ovNSNAeA1K16kaR/LRY/92w0zxQ5/1YzwblUX652i4Xs9RwAGjW9d9y6X88t8OaAJfWQ=="
    },
    "is-stream": {
      "version": "2.0.1",
      "resolved": "https://registry.npmmirror.com/is-stream/-/is-stream-2.0.1.tgz",
      "integrity": "sha512-hFoiJiTl63nn+kstHGBtewWSKnQLpyb155KHheA1l39uvtO9nWIop1p3udqPcUd/xbF1VLMO4n7OI6p7RbngDg=="
    },
    "jade": {
      "version": "0.26.3",
      "resolved": "https://registry.npmjs.org/jade/-/jade-0.26.3.tgz",
      "integrity": "sha512-mkk3vzUHFjzKjpCXeu+IjXeZD+QOTjUUdubgmHtHTDwvAO2ZTkMTTVrapts5CWz3JvJryh/4KWZpjeZrCepZ3A==",
      "dev": true,
      "requires": {
        "commander": "0.6.1",
        "mkdirp": "0.3.0"
      },
      "dependencies": {
        "commander": {
          "version": "0.6.1",
          "resolved": "https://registry.npmjs.org/commander/-/commander-0.6.1.tgz",
          "integrity": "sha512-0fLycpl1UMTGX257hRsu/arL/cUbcvQM4zMKwvLvzXtfdezIV4yotPS2dYtknF+NmEfWSoCEF6+hj9XLm/6hEw==",
          "dev": true
        },
        "mkdirp": {
          "version": "0.3.0",
          "resolved": "https://registry.npmjs.org/mkdirp/-/mkdirp-0.3.0.tgz",
          "integrity": "sha512-OHsdUcVAQ6pOtg5JYWpCBo9W/GySVuwvP9hueRMW7UqshC0tbfzLv8wjySTPm3tfUZ/21CE9E1pJagOA91Pxew==",
          "dev": true
        }
      }
    },
    "kuler": {
      "version": "2.0.0",
      "resolved": "https://registry.npmmirror.com/kuler/-/kuler-2.0.0.tgz",
      "integrity": "sha512-Xq9nH7KlWZmXAtodXDDRE7vs6DU1gTU8zYDHDiWLSip45Egwq3plLHzPn27NgvzL2r1LMPC1vdqh98sQxtqj4A=="
    },
    "lodash": {
      "version": "4.17.21",
      "resolved": "https://registry.npmjs.org/lodash/-/lodash-4.17.21.tgz",
      "integrity": "sha512-v2kDEe57lecTulaDIuNTPy3Ry4gLGJ6Z1O3vE1krgXZNrsQ+LFTGHVxVjcXPs17LhbZVGedAJv8XZ1tvj5FvSg==",
      "dev": true
    },
    "logform": {
      "version": "2.6.0",
      "resolved": "https://registry.npmmirror.com/logform/-/logform-2.6.0.tgz",
      "integrity": "sha512-1ulHeNPp6k/LD8H91o7VYFBng5i1BDE7HoKxVbZiGFidS1Rj65qcywLxX+pVfAPoQJEjRdvKcusKwOupHCVOVQ==",
      "requires": {
        "@colors/colors": "1.6.0",
        "@types/triple-beam": "^1.3.2",
        "fecha": "^4.2.0",
        "ms": "^2.1.1",
        "safe-stable-stringify": "^2.3.1",
        "triple-beam": "^1.3.0"
      }
    },
    "loupe": {
      "version": "2.3.6",
      "resolved": "https://registry.npmjs.org/loupe/-/loupe-2.3.6.tgz",
      "integrity": "sha512-RaPMZKiMy8/JruncMU5Bt6na1eftNoo++R4Y+N2FrxkDVTrGvcyzFTsaGif4QTeKESheMGegbhw6iUAq+5A8zA==",
      "dev": true,
      "requires": {
        "get-func-name": "^2.0.0"
      }
    },
    "lru-cache": {
      "version": "2.7.3",
      "resolved": "https://registry.npmjs.org/lru-cache/-/lru-cache-2.7.3.tgz",
      "integrity": "sha512-WpibWJ60c3AgAz8a2iYErDrcT2C7OmKnsWhIcHOjkUHFjkXncJhtLxNSqUmxRxRunpb5I8Vprd7aNSd2NtksJQ==",
      "dev": true
    },
    "minimatch": {
      "version": "0.3.0",
      "resolved": "https://registry.npmjs.org/minimatch/-/minimatch-0.3.0.tgz",
      "integrity": "sha512-WFX1jI1AaxNTZVOHLBVazwTWKaQjoykSzCBNXB72vDTCzopQGtyP91tKdFK5cv1+qMwPyiTu1HqUriqplI8pcA==",
      "dev": true,
      "requires": {
        "lru-cache": "2",
        "sigmund": "~1.0.0"
      }
    },
    "minimist": {
      "version": "0.0.8",
      "resolved": "https://registry.npmjs.org/minimist/-/minimist-0.0.8.tgz",
      "integrity": "sha512-miQKw5Hv4NS1Psg2517mV4e4dYNaO3++hjAvLOAzKqZ61rH8NS1SK+vbfBWZ5PY/Me/bEWhUwqMghEW5Fb9T7Q==",
      "dev": true
    },
    "mkdirp": {
      "version": "0.5.1",
      "resolved": "https://registry.npmjs.org/mkdirp/-/mkdirp-0.5.1.tgz",
      "integrity": "sha512-SknJC52obPfGQPnjIkXbmA6+5H15E+fR+E4iR2oQ3zzCLbd7/ONua69R/Gw7AgkTLsRG+r5fzksYwWe1AgTyWA==",
      "dev": true,
      "requires": {
        "minimist": "0.0.8"
      }
    },
    "mocha": {
      "version": "2.5.3",
      "resolved": "https://registry.npmjs.org/mocha/-/mocha-2.5.3.tgz",
      "integrity": "sha512-jNt2iEk9FPmZLzL+sm4FNyOIDYXf2wUU6L4Cc8OIKK/kzgMHKPi4YhTZqG4bW4kQVdIv6wutDybRhXfdnujA1Q==",
      "dev": true,
      "requires": {
        "commander": "2.3.0",
        "debug": "2.2.0",
        "diff": "1.4.0",
        "escape-string-regexp": "1.0.2",
        "glob": "3.2.11",
        "growl": "1.9.2",
        "jade": "0.26.3",
        "mkdirp": "0.5.1",
        "supports-color": "1.2.0",
        "to-iso-string": "0.0.2"
      },
      "dependencies": {
        "debug": {
          "version": "2.2.0",
          "resolved": "https://registry.npmjs.org/debug/-/debug-2.2.0.tgz",
          "integrity": "sha512-X0rGvJcskG1c3TgSCPqHJ0XJgwlcvOC7elJ5Y0hYuKBZoVqWpAMfLOeIh2UI/DCQ5ruodIjvsugZtjUYUw2pUw==",
          "dev": true,
          "requires": {
            "ms": "0.7.1"
          }
        },
        "ms": {
          "version": "0.7.1",
          "resolved": "https://registry.npmjs.org/ms/-/ms-0.7.1.tgz",
          "integrity": "sha512-lRLiIR9fSNpnP6TC4v8+4OU7oStC01esuNowdQ34L+Gk8e5Puoc88IqJ+XAY/B3Mn2ZKis8l8HX90oU8ivzUHg==",
          "dev": true
        }
      }
    },
    "moment": {
      "version": "2.30.1",
      "resolved": "https://registry.npmmirror.com/moment/-/moment-2.30.1.tgz",
      "integrity": "sha512-uEmtNhbDOrWPFS+hdjFCBfy9f2YoyzRpwcl+DqpC6taX21FzsTLQVbMV/W7PzNSX6x/bhC1zA3c2UQ5NzH6how=="
    },
    "ms": {
      "version": "2.1.2",
      "resolved": "https://registry.npmmirror.com/ms/-/ms-2.1.2.tgz",
      "integrity": "sha512-sGkPx+VjMtmA6MX27oA4FBFELFCZZ4S4XqeGOXCv68tT+jb3vk/RyaKWP0PTKyWtmLSM0b+adUTEvbs1PEaH2w=="
    },
    "object-hash": {
      "version": "2.2.0",
      "resolved": "https://registry.npmmirror.com/object-hash/-/object-hash-2.2.0.tgz",
      "integrity": "sha512-gScRMn0bS5fH+IuwyIFgnh9zBdo4DV+6GhygmWM9HyNJSgS0hScp1f5vjtm7oIIOiT9trXrShAkLFSc2IqKNgw=="
    },
    "one-time": {
      "version": "1.0.0",
      "resolved": "https://registry.npmmirror.com/one-time/-/one-time-1.0.0.tgz",
      "integrity": "sha512-5DXOiRKwuSEcQ/l0kGCF6Q3jcADFv5tSmRaJck/OqkVFcOzutB134KRSfF0xDrL39MNnqxbHBbUUcjZIhTgb2g==",
      "requires": {
        "fn.name": "1.x.x"
      }
    },
    "pathval": {
      "version": "1.1.1",
      "resolved": "https://registry.npmjs.org/pathval/-/pathval-1.1.1.tgz",
      "integrity": "sha512-Dp6zGqpTdETdR63lehJYPeIOqpiNBNtc7BpWSLrOje7UaIsE5aY92r/AunQA7rsXvet3lrJ3JnZX29UPTKXyKQ==",
      "dev": true
    },
    "readable-stream": {
      "version": "3.6.2",
      "resolved": "https://registry.npmmirror.com/readable-stream/-/readable-stream-3.6.2.tgz",
      "integrity": "sha512-9u/sniCrY3D5WdsERHzHE4G2YCXqoG5FTHUiCC4SIbr6XcLZBY05ya9EKjYek9O5xOAwjGq+1JdGBAS7Q9ScoA==",
      "requires": {
        "inherits": "^2.0.3",
        "string_decoder": "^1.1.1",
        "util-deprecate": "^1.0.1"
      }
    },
    "safe-buffer": {
      "version": "5.2.1",
      "resolved": "https://registry.npmmirror.com/safe-buffer/-/safe-buffer-5.2.1.tgz",
      "integrity": "sha512-rp3So07KcdmmKbGvgaNxQSJr7bGVSVk5S9Eq1F+ppbRo70+YeaDxkw5Dd8NPN+GD6bjnYm2VuPuCXmpuYvmCXQ=="
    },
    "safe-stable-stringify": {
      "version": "2.4.3",
      "resolved": "https://registry.npmmirror.com/safe-stable-stringify/-/safe-stable-stringify-2.4.3.tgz",
      "integrity": "sha512-e2bDA2WJT0wxseVd4lsDP4+3ONX6HpMXQa1ZhFQ7SU+GjvORCmShbCMltrtIDfkYhVHrOcPtj+KhmDBdPdZD1g=="
    },
    "sigmund": {
      "version": "1.0.1",
      "resolved": "https://registry.npmjs.org/sigmund/-/sigmund-1.0.1.tgz",
      "integrity": "sha512-fCvEXfh6NWpm+YSuY2bpXb/VIihqWA6hLsgboC+0nl71Q7N7o2eaCW8mJa/NLvQhs6jpd3VZV4UiUQlV6+lc8g==",
      "dev": true
    },
    "simple-swizzle": {
      "version": "0.2.2",
      "resolved": "https://registry.npmmirror.com/simple-swizzle/-/simple-swizzle-0.2.2.tgz",
      "integrity": "sha512-JA//kQgZtbuY83m+xT+tXJkmJncGMTFT+C+g2h2R9uxkYIrE2yy9sgmcLhCnw57/WSD+Eh3J97FPEDFnbXnDUg==",
      "requires": {
        "is-arrayish": "^0.3.1"
      }
    },
    "stack-trace": {
      "version": "0.0.10",
      "resolved": "https://registry.npmmirror.com/stack-trace/-/stack-trace-0.0.10.tgz",
      "integrity": "sha512-KGzahc7puUKkzyMt+IqAep+TVNbKP+k2Lmwhub39m1AsTSkaDutx56aDCo+HLDzf/D26BIHTJWNiTG1KAJiQCg=="
    },
    "string_decoder": {
      "version": "1.3.0",
      "resolved": "https://registry.npmmirror.com/string_decoder/-/string_decoder-1.3.0.tgz",
      "integrity": "sha512-hkRX8U1WjJFd8LsDJ2yQ/wWWxaopEsABU1XfkM8A+j0+85JAGppt16cr1Whg6KIbb4okU6Mql6BOj+uup/wKeA==",
      "requires": {
        "safe-buffer": "~5.2.0"
      }
    },
    "supports-color": {
      "version": "1.2.0",
      "resolved": "https://registry.npmjs.org/supports-color/-/supports-color-1.2.0.tgz",
      "integrity": "sha512-mS5xsnjTh5b7f2DM6bch6lR582UCOTphzINlZnDsfpIRrwI6r58rb6YSSGsdexkm8qw2bBVO2ID2fnJOTuLiPA==",
      "dev": true
    },
    "text-hex": {
      "version": "1.0.0",
      "resolved": "https://registry.npmmirror.com/text-hex/-/text-hex-1.0.0.tgz",
      "integrity": "sha512-uuVGNWzgJ4yhRaNSiubPY7OjISw4sw4E5Uv0wbjp+OzcbmVU/rsT8ujgcXJhn9ypzsgr5vlzpPqP+MBBKcGvbg=="
    },
    "to-iso-string": {
      "version": "0.0.2",
      "resolved": "https://registry.npmjs.org/to-iso-string/-/to-iso-string-0.0.2.tgz",
      "integrity": "sha512-oeHLgfWA7d0CPQa6h0+i5DAJZISz5un0d5SHPkw+Untclcvzv9T+AC3CvGXlZJdOlIbxbTfyyzlqCXc5hjpXYg==",
      "dev": true
    },
    "triple-beam": {
      "version": "1.4.1",
      "resolved": "https://registry.npmmirror.com/triple-beam/-/triple-beam-1.4.1.tgz",
      "integrity": "sha512-aZbgViZrg1QNcG+LULa7nhZpJTZSLm/mXnHXnbAbjmN5aSa0y7V+wvv6+4WaBtpISJzThKy+PIPxc1Nq1EJ9mg=="
    },
    "type-detect": {
      "version": "4.0.8",
      "resolved": "https://registry.npmjs.org/type-detect/-/type-detect-4.0.8.tgz",
      "integrity": "sha512-0fr/mIH1dlO+x7TlcMy+bIDqKPsw/70tVyeHW787goQjhmqaZe10uwLujubK9q9Lg6Fiho1KUKDYz0Z7k7g5/g==",
      "dev": true
    },
    "util-deprecate": {
      "version": "1.0.2",
      "resolved": "https://registry.npmmirror.com/util-deprecate/-/util-deprecate-1.0.2.tgz",
      "integrity": "sha512-EPD5q1uXyFxJpCrLnCc1nHnq3gOa6DZBocAIiI2TaSCA7VCJ1UJDMagCzIkXNsUYfD1daK//LTEQ8xiIbrHtcw=="
    },
    "winston": {
      "version": "3.12.0",
      "resolved": "https://registry.npmmirror.com/winston/-/winston-3.12.0.tgz",
      "integrity": "sha512-OwbxKaOlESDi01mC9rkM0dQqQt2I8DAUMRLZ/HpbwvDXm85IryEHgoogy5fziQy38PntgZsLlhAYHz//UPHZ5w==",
      "requires": {
        "@colors/colors": "^1.6.0",
        "@dabh/diagnostics": "^2.0.2",
        "async": "^3.2.3",
        "is-stream": "^2.0.0",
        "logform": "^2.4.0",
        "one-time": "^1.0.0",
        "readable-stream": "^3.4.0",
        "safe-stable-stringify": "^2.3.1",
        "stack-trace": "0.0.x",
        "triple-beam": "^1.3.0",
        "winston-transport": "^4.7.0"
      }
    },
    "winston-daily-rotate-file": {
      "version": "4.7.1",
      "resolved": "https://registry.npmmirror.com/winston-daily-rotate-file/-/winston-daily-rotate-file-4.7.1.tgz",
      "integrity": "sha512-7LGPiYGBPNyGHLn9z33i96zx/bd71pjBn9tqQzO3I4Tayv94WPmBNwKC7CO1wPHdP9uvu+Md/1nr6VSH9h0iaA==",
      "requires": {
        "file-stream-rotator": "^0.6.1",
        "object-hash": "^2.0.1",
        "triple-beam": "^1.3.0",
        "winston-transport": "^4.4.0"
      }
    },
    "winston-transport": {
      "version": "4.7.0",
      "resolved": "https://registry.npmmirror.com/winston-transport/-/winston-transport-4.7.0.tgz",
      "integrity": "sha512-ajBj65K5I7denzer2IYW6+2bNIVqLGDHqDw3Ow8Ohh+vdW+rv4MZ6eiDvHoKhfJFZ2auyN8byXieDDJ96ViONg==",
      "requires": {
        "logform": "^2.3.2",
        "readable-stream": "^3.6.0",
        "triple-beam": "^1.3.0"
      }
    }
  }
}
